{
	"name": "@foretag/cosmos",
	"version": "1.0.0",
	"lockfileVersion": 2,
	"requires": true,
	"packages": {
		"": {
			"name": "@foretag/cosmos",
			"version": "1.0.0",
			"license": "ISC",
			"workspaces": [
				"packages/*",
				"themes/*"
			],
			"devDependencies": {
				"@moonrepo/cli": "^0.16.0"
			}
		},
		"node_modules/@moonrepo/cli": {
			"version": "0.16.0",
			"resolved": "https://registry.npmjs.org/@moonrepo/cli/-/cli-0.16.0.tgz",
			"integrity": "sha512-AJcTNhIv7XJ8EdWJ31xCqpSTO9Drliu/aylQsMsAKYzmabLkYLTWZsU5R2w4JxAB0/r1D1IKXKJ5pY3I/eeYfg==",
			"dev": true,
			"hasInstallScript": true,
			"dependencies": {
				"detect-libc": "^2.0.1"
			},
			"bin": {
				"moon": "moon"
			},
			"optionalDependencies": {
				"@moonrepo/core-linux-arm64-gnu": "^0.16.0",
				"@moonrepo/core-linux-arm64-musl": "^0.16.0",
				"@moonrepo/core-linux-x64-gnu": "^0.16.0",
				"@moonrepo/core-linux-x64-musl": "^0.16.0",
				"@moonrepo/core-macos-arm64": "^0.16.0",
				"@moonrepo/core-macos-x64": "^0.16.0",
				"@moonrepo/core-windows-x64-msvc": "^0.16.0"
			}
		},
		"node_modules/@moonrepo/core-linux-arm64-gnu": {
			"version": "0.16.0",
			"resolved": "https://registry.npmjs.org/@moonrepo/core-linux-arm64-gnu/-/core-linux-arm64-gnu-0.16.0.tgz",
			"integrity": "sha512-6aXs5Fh4J/ZBu2gwX2222wBksCdlt/wOlErhprf+I4ePyRWawsJsPIrvmNPsOpAQv4hHQfG+d119bbXHOpeGZA==",
			"cpu": [
				"arm64"
			],
			"dev": true,
			"optional": true,
			"os": [
				"linux"
			]
		},
		"node_modules/@moonrepo/core-linux-arm64-musl": {
			"version": "0.16.0",
			"resolved": "https://registry.npmjs.org/@moonrepo/core-linux-arm64-musl/-/core-linux-arm64-musl-0.16.0.tgz",
			"integrity": "sha512-rG3Zox1OhLO5IsLVazpdtnT1+Q/PTA06zMZYvj8D0VjmAUUHJqAcUtjeFi0RhYCYaaKmyRMFTwBBanWZCtFyIw==",
			"cpu": [
				"arm64"
			],
			"dev": true,
			"optional": true,
			"os": [
				"linux"
			]
		},
		"node_modules/@moonrepo/core-linux-x64-gnu": {
			"version": "0.16.0",
			"resolved": "https://registry.npmjs.org/@moonrepo/core-linux-x64-gnu/-/core-linux-x64-gnu-0.16.0.tgz",
			"integrity": "sha512-3hTcOshH2IyQxDUF0/u3yEm8KEghrU71dgbNYmPYBHwsjbQCKUUcw5ZfpZCjjFD30a07EDtudHwsU6KA/wn5vQ==",
			"cpu": [
				"x64"
			],
			"dev": true,
			"optional": true,
			"os": [
				"linux"
			]
		},
		"node_modules/@moonrepo/core-linux-x64-musl": {
			"version": "0.16.0",
			"resolved": "https://registry.npmjs.org/@moonrepo/core-linux-x64-musl/-/core-linux-x64-musl-0.16.0.tgz",
			"integrity": "sha512-Mbjxgq/H5O7knkl29eS+zJdZhN77x750NUz+v1ZMtiXnfhaPzzB0I5a9dB6POe8sGd3dnwcOn2rj8GWPiYy28g==",
			"cpu": [
				"x64"
			],
			"dev": true,
			"optional": true,
			"os": [
				"linux"
			]
		},
		"node_modules/@moonrepo/core-macos-arm64": {
			"version": "0.16.0",
			"resolved": "https://registry.npmjs.org/@moonrepo/core-macos-arm64/-/core-macos-arm64-0.16.0.tgz",
			"integrity": "sha512-H5V44gA1tYvQGNPMbbuXD0RYZqPkiPuWJbKE1VHXvDI6hsF3zS4l+l9IFAvjNMK3jnxsOTddefPaIVR0wvairQ==",
			"cpu": [
				"arm64"
			],
			"dev": true,
			"optional": true,
			"os": [
				"darwin"
			]
		},
		"node_modules/@moonrepo/core-macos-x64": {
			"version": "0.16.0",
			"resolved": "https://registry.npmjs.org/@moonrepo/core-macos-x64/-/core-macos-x64-0.16.0.tgz",
			"integrity": "sha512-WIC9ZEw8EtIU6oxyc2GrNI/83ERh6OUiRa3nfpEB7MfyuksEbEuDfTseSrc4QCnHGzlG8AZs1JCj2SR+ZiIKvQ==",
			"cpu": [
				"x64"
			],
			"dev": true,
			"optional": true,
			"os": [
				"darwin"
			]
		},
		"node_modules/@moonrepo/core-windows-x64-msvc": {
			"version": "0.16.0",
			"resolved": "https://registry.npmjs.org/@moonrepo/core-windows-x64-msvc/-/core-windows-x64-msvc-0.16.0.tgz",
			"integrity": "sha512-ZZPtBRVwb57504FrZPFwxLxWCg1kczsod4oq980nxsvtJ9o6XjgOluuWCtj5yZdvvsRFTc9Xt/9JabL+HQYtLg==",
			"cpu": [
				"x64"
			],
			"dev": true,
			"optional": true,
			"os": [
				"win32"
			]
		},
		"node_modules/detect-libc": {
			"version": "2.0.1",
			"resolved": "https://registry.npmjs.org/detect-libc/-/detect-libc-2.0.1.tgz",
			"integrity": "sha512-463v3ZeIrcWtdgIg6vI6XUncguvr2TnGl4SzDXinkt9mSLpBJKXT3mW6xT3VQdDN11+WVs29pgvivTc4Lp8v+w==",
			"dev": true,
			"engines": {
				"node": ">=8"
			}
		}
	},
	"dependencies": {
		"@moonrepo/cli": {
			"version": "0.16.0",
			"resolved": "https://registry.npmjs.org/@moonrepo/cli/-/cli-0.16.0.tgz",
			"integrity": "sha512-AJcTNhIv7XJ8EdWJ31xCqpSTO9Drliu/aylQsMsAKYzmabLkYLTWZsU5R2w4JxAB0/r1D1IKXKJ5pY3I/eeYfg==",
			"dev": true,
			"requires": {
				"@moonrepo/core-linux-arm64-gnu": "^0.16.0",
				"@moonrepo/core-linux-arm64-musl": "^0.16.0",
				"@moonrepo/core-linux-x64-gnu": "^0.16.0",
				"@moonrepo/core-linux-x64-musl": "^0.16.0",
				"@moonrepo/core-macos-arm64": "^0.16.0",
				"@moonrepo/core-macos-x64": "^0.16.0",
				"@moonrepo/core-windows-x64-msvc": "^0.16.0",
				"detect-libc": "^2.0.1"
			}
		},
		"@moonrepo/core-linux-arm64-gnu": {
			"version": "0.16.0",
			"resolved": "https://registry.npmjs.org/@moonrepo/core-linux-arm64-gnu/-/core-linux-arm64-gnu-0.16.0.tgz",
			"integrity": "sha512-6aXs5Fh4J/ZBu2gwX2222wBksCdlt/wOlErhprf+I4ePyRWawsJsPIrvmNPsOpAQv4hHQfG+d119bbXHOpeGZA==",
			"dev": true,
			"optional": true
		},
		"@moonrepo/core-linux-arm64-musl": {
			"version": "0.16.0",
			"resolved": "https://registry.npmjs.org/@moonrepo/core-linux-arm64-musl/-/core-linux-arm64-musl-0.16.0.tgz",
			"integrity": "sha512-rG3Zox1OhLO5IsLVazpdtnT1+Q/PTA06zMZYvj8D0VjmAUUHJqAcUtjeFi0RhYCYaaKmyRMFTwBBanWZCtFyIw==",
			"dev": true,
			"optional": true
		},
		"@moonrepo/core-linux-x64-gnu": {
			"version": "0.16.0",
			"resolved": "https://registry.npmjs.org/@moonrepo/core-linux-x64-gnu/-/core-linux-x64-gnu-0.16.0.tgz",
			"integrity": "sha512-3hTcOshH2IyQxDUF0/u3yEm8KEghrU71dgbNYmPYBHwsjbQCKUUcw5ZfpZCjjFD30a07EDtudHwsU6KA/wn5vQ==",
			"dev": true,
			"optional": true
		},
		"@moonrepo/core-linux-x64-musl": {
			"version": "0.16.0",
			"resolved": "https://registry.npmjs.org/@moonrepo/core-linux-x64-musl/-/core-linux-x64-musl-0.16.0.tgz",
			"integrity": "sha512-Mbjxgq/H5O7knkl29eS+zJdZhN77x750NUz+v1ZMtiXnfhaPzzB0I5a9dB6POe8sGd3dnwcOn2rj8GWPiYy28g==",
			"dev": true,
			"optional": true
		},
		"@moonrepo/core-macos-arm64": {
			"version": "0.16.0",
			"resolved": "https://registry.npmjs.org/@moonrepo/core-macos-arm64/-/core-macos-arm64-0.16.0.tgz",
			"integrity": "sha512-H5V44gA1tYvQGNPMbbuXD0RYZqPkiPuWJbKE1VHXvDI6hsF3zS4l+l9IFAvjNMK3jnxsOTddefPaIVR0wvairQ==",
			"dev": true,
			"optional": true
		},
		"@moonrepo/core-macos-x64": {
			"version": "0.16.0",
			"resolved": "https://registry.npmjs.org/@moonrepo/core-macos-x64/-/core-macos-x64-0.16.0.tgz",
			"integrity": "sha512-WIC9ZEw8EtIU6oxyc2GrNI/83ERh6OUiRa3nfpEB7MfyuksEbEuDfTseSrc4QCnHGzlG8AZs1JCj2SR+ZiIKvQ==",
			"dev": true,
			"optional": true
		},
		"@moonrepo/core-windows-x64-msvc": {
			"version": "0.16.0",
			"resolved": "https://registry.npmjs.org/@moonrepo/core-windows-x64-msvc/-/core-windows-x64-msvc-0.16.0.tgz",
			"integrity": "sha512-ZZPtBRVwb57504FrZPFwxLxWCg1kczsod4oq980nxsvtJ9o6XjgOluuWCtj5yZdvvsRFTc9Xt/9JabL+HQYtLg==",
			"dev": true,
			"optional": true
		},
		"detect-libc": {
			"version": "2.0.1",
			"resolved": "https://registry.npmjs.org/detect-libc/-/detect-libc-2.0.1.tgz",
			"integrity": "sha512-463v3ZeIrcWtdgIg6vI6XUncguvr2TnGl4SzDXinkt9mSLpBJKXT3mW6xT3VQdDN11+WVs29pgvivTc4Lp8v+w==",
			"dev": true
		}
	}
}
